
Microsoft Visual Studio Solution File, Format Version 12.00
# Visual Studio 15
VisualStudioVersion = 15.0.28307.489
MinimumVisualStudioVersion = 10.0.40219.1
Project("{FAE04EC0-301F-11D3-BF4B-00C04F79EFBC}") = "WindowsFormsApp3", "WindowsFormsApp3.csproj", "{AFA201C2-1960-4AC6-9A3D-24695477F456}"
EndProject
Global
	GlobalSection(SolutionConfigurationPlatforms) = preSolution
		Debug|Any CPU = Debug|Any CPU
		Release|Any CPU = Release|Any CPU
	EndGlobalSection
	GlobalSection(ProjectConfigurationPlatforms) = postSolution
		{AFA201C2-1960-4AC6-9A3D-24695477F456}.Debug|Any CPU.ActiveCfg = Debug|Any CPU
		{AFA201C2-1960-4AC6-9A3D-24695477F456}.Debug|Any CPU.Build.0 = Debug|Any CPU
		{AFA201C2-1960-4AC6-9A3D-24695477F456}.Release|Any CPU.ActiveCfg = Release|Any CPU
		{AFA201C2-1960-4AC6-9A3D-24695477F456}.Release|Any CPU.Build.0 = Release|Any CPU
	EndGlobalSection
	GlobalSection(SolutionProperties) = preSolution
		HideSolutionNode = FALSE
	EndGlobalSection
	GlobalSection(ExtensibilityGlobals) = postSolution
		SolutionGuid = {E3A180F1-CC29-49FD-8407-91AC713FB5A3}
	EndGlobalSection
EndGlobal
